
Microsoft Visual Studio Solution File, Format Version 12.00
# Visual Studio Version 16
VisualStudioVersion = 16.0.33529.622
MinimumVisualStudioVersion = 10.0.40219.1
Project("{FAE04EC0-301F-11D3-BF4B-00C04F79EFBC}") = "ContosoCrafts.WebSite", "ContosoCrafts.WebSite\ContosoCrafts.WebSite.csproj", "{DDF44A08-B9DB-421E-8AC8-542A266D2D0F}"
EndProject
Global
	GlobalSection(SolutionConfigurationPlatforms) = preSolution
		Debug|Any CPU = Debug|Any CPU
		Release|Any CPU = Release|Any CPU
	EndGlobalSection
	GlobalSection(ProjectConfigurationPlatforms) = postSolution
		{DDF44A08-B9DB-421E-8AC8-542A266D2D0F}.Debug|Any CPU.ActiveCfg = Debug|Any CPU
		{DDF44A08-B9DB-421E-8AC8-542A266D2D0F}.Debug|Any CPU.Build.0 = Debug|Any CPU
		{DDF44A08-B9DB-421E-8AC8-542A266D2D0F}.Release|Any CPU.ActiveCfg = Release|Any CPU
		{DDF44A08-B9DB-421E-8AC8-542A266D2D0F}.Release|Any CPU.Build.0 = Release|Any CPU
	EndGlobalSection
	GlobalSection(SolutionProperties) = preSolution
		HideSolutionNode = FALSE
	EndGlobalSection
	GlobalSection(ExtensibilityGlobals) = postSolution
		SolutionGuid = {AE2E522B-7038-46F1-B7E8-B55AC368D03A}
	EndGlobalSection
EndGlobal
